// !$*UTF8*$!
{
	archiveVersion = 1;
	classes = {
	};
	objectVersion = 46;
	objects = {

/* Begin PBXBuildFile section */
		78ED91B61CA1B88F007D14C1 /* AppDelegate.swift in Sources */ = {isa = PBXBuildFile; fileRef = 78ED91B51CA1B88F007D14C1 /* AppDelegate.swift */; };
		78ED91B81CA1B88F007D14C1 /* ViewController.swift in Sources */ = {isa = PBXBuildFile; fileRef = 78ED91B71CA1B88F007D14C1 /* ViewController.swift */; };
		78ED91BB1CA1B88F007D14C1 /* Main.storyboard in Resources */ = {isa = PBXBuildFile; fileRef = 78ED91B91CA1B88F007D14C1 /* Main.storyboard */; };
		78ED91BD1CA1B88F007D14C1 /* Assets.xcassets in Resources */ = {isa = PBXBuildFile; fileRef = 78ED91BC1CA1B88F007D14C1 /* Assets.xcassets */; };
		78ED91C01CA1B88F007D14C1 /* LaunchScreen.storyboard in Resources */ = {isa = PBXBuildFile; fileRef = 78ED91BE1CA1B88F007D14C1 /* LaunchScreen.storyboard */; };
		78ED91CB1CA1B88F007D14C1 /* RSS_MathiasTests.swift in Sources */ = {isa = PBXBuildFile; fileRef = 78ED91CA1CA1B88F007D14C1 /* RSS_MathiasTests.swift */; };
		78ED91D81CA1BF46007D14C1 /* RSSItem.swift in Sources */ = {isa = PBXBuildFile; fileRef = 78ED91D71CA1BF46007D14C1 /* RSSItem.swift */; };
		78ED91DA1CA1CF06007D14C1 /* ViewControllerDetails.swift in Sources */ = {isa = PBXBuildFile; fileRef = 78ED91D91CA1CF06007D14C1 /* ViewControllerDetails.swift */; };
		78ED91DC1CA1DC2A007D14C1 /* Extensions.swift in Sources */ = {isa = PBXBuildFile; fileRef = 78ED91DB1CA1DC2A007D14C1 /* Extensions.swift */; };
		78ED91DE1CA1DFB8007D14C1 /* ViewControllerSlideshow.swift in Sources */ = {isa = PBXBuildFile; fileRef = 78ED91DD1CA1DFB8007D14C1 /* ViewControllerSlideshow.swift */; };
		78ED91E01CA1E369007D14C1 /* SlideshowView.swift in Sources */ = {isa = PBXBuildFile; fileRef = 78ED91DF1CA1E369007D14C1 /* SlideshowView.swift */; };
		78ED91E21CA1E57A007D14C1 /* SlideshowView.xib in Resources */ = {isa = PBXBuildFile; fileRef = 78ED91E11CA1E57A007D14C1 /* SlideshowView.xib */; };
/* End PBXBuildFile section */

/* Begin PBXContainerItemProxy section */
		78ED91C71CA1B88F007D14C1 /* PBXContainerItemProxy */ = {
			isa = PBXContainerItemProxy;
			containerPortal = 78ED91AA1CA1B88F007D14C1 /* Project object */;
			proxyType = 1;
			remoteGlobalIDString = 78ED91B11CA1B88F007D14C1;
			remoteInfo = RSS_Mathias;
		};
/* End PBXContainerItemProxy section */

/* Begin PBXFileReference section */
		78ED91B21CA1B88F007D14C1 /* RSS_Mathias.app */ = {isa = PBXFileReference; explicitFileType = wrapper.application; includeInIndex = 0; path = RSS_Mathias.app; sourceTree = BUILT_PRODUCTS_DIR; };
		78ED91B51CA1B88F007D14C1 /* AppDelegate.swift */ = {isa = PBXFileReference; lastKnownFileType = sourcecode.swift; path = AppDelegate.swift; sourceTree = "<group>"; };
		78ED91B71CA1B88F007D14C1 /* ViewController.swift */ = {isa = PBXFileReference; lastKnownFileType = sourcecode.swift; path = ViewController.swift; sourceTree = "<group>"; };
		78ED91BA1CA1B88F007D14C1 /* Base */ = {isa = PBXFileReference; lastKnownFileType = file.storyboard; name = Base; path = Base.lproj/Main.storyboard; sourceTree = "<group>"; };
		78ED91BC1CA1B88F007D14C1 /* Assets.xcassets */ = {isa = PBXFileReference; lastKnownFileType = folder.assetcatalog; path = Assets.xcassets; sourceTree = "<group>"; };
		78ED91BF1CA1B88F007D14C1 /* Base */ = {isa = PBXFileReference; lastKnownFileType = file.storyboard; name = Base; path = Base.lproj/LaunchScreen.storyboard; sourceTree = "<group>"; };
		78ED91C11CA1B88F007D14C1 /* Info.plist */ = {isa = PBXFileReference; lastKnownFileType = text.plist.xml; path = Info.plist; sourceTree = "<group>"; };
		78ED91C61CA1B88F007D14C1 /* RSS_MathiasTests.xctest */ = {isa = PBXFileReference; explicitFileType = wrapper.cfbundle; includeInIndex = 0; path = RSS_MathiasTests.xctest; sourceTree = BUILT_PRODUCTS_DIR; };
		78ED91CA1CA1B88F007D14C1 /* RSS_MathiasTests.swift */ = {isa = PBXFileReference; lastKnownFileType = sourcecode.swift; path = RSS_MathiasTests.swift; sourceTree = "<group>"; };
		78ED91CC1CA1B88F007D14C1 /* Info.plist */ = {isa = PBXFileReference; lastKnownFileType = text.plist.xml; path = Info.plist; sourceTree = "<group>"; };
		78ED91D71CA1BF46007D14C1 /* RSSItem.swift */ = {isa = PBXFileReference; fileEncoding = 4; lastKnownFileType = sourcecode.swift; path = RSSItem.swift; sourceTree = "<group>"; };
		78ED91D91CA1CF06007D14C1 /* ViewControllerDetails.swift */ = {isa = PBXFileReference; fileEncoding = 4; lastKnownFileType = sourcecode.swift; path = ViewControllerDetails.swift; sourceTree = "<group>"; };
		78ED91DB1CA1DC2A007D14C1 /* Extensions.swift */ = {isa = PBXFileReference; fileEncoding = 4; lastKnownFileType = sourcecode.swift; path = Extensions.swift; sourceTree = "<group>"; };
		78ED91DD1CA1DFB8007D14C1 /* ViewControllerSlideshow.swift */ = {isa = PBXFileReference; fileEncoding = 4; lastKnownFileType = sourcecode.swift; path = ViewControllerSlideshow.swift; sourceTree = "<group>"; };
		78ED91DF1CA1E369007D14C1 /* SlideshowView.swift */ = {isa = PBXFileReference; fileEncoding = 4; lastKnownFileType = sourcecode.swift; path = SlideshowView.swift; sourceTree = "<group>"; };
		78ED91E11CA1E57A007D14C1 /* SlideshowView.xib */ = {isa = PBXFileReference; fileEncoding = 4; lastKnownFileType = file.xib; path = SlideshowView.xib; sourceTree = "<group>"; };
/* End PBXFileReference section */

/* Begin PBXFrameworksBuildPhase section */
		78ED91AF1CA1B88F007D14C1 /* Frameworks */ = {
			isa = PBXFrameworksBuildPhase;
			buildActionMask = 2147483647;
			files = (
			);
			runOnlyForDeploymentPostprocessing = 0;
		};
		78ED91C31CA1B88F007D14C1 /* Frameworks */ = {
			isa = PBXFrameworksBuildPhase;
			buildActionMask = 2147483647;
			files = (
			);
			runOnlyForDeploymentPostprocessing = 0;
		};
/* End PBXFrameworksBuildPhase section */

/* Begin PBXGroup section */
		78ED91A91CA1B88F007D14C1 = {
			isa = PBXGroup;
			children = (
				78ED91B41CA1B88F007D14C1 /* RSS_Mathias */,
				78ED91C91CA1B88F007D14C1 /* RSS_MathiasTests */,
				78ED91B31CA1B88F007D14C1 /* Products */,
			);
			sourceTree = "<group>";
		};
		78ED91B31CA1B88F007D14C1 /* Products */ = {
			isa = PBXGroup;
			children = (
				78ED91B21CA1B88F007D14C1 /* RSS_Mathias.app */,
				78ED91C61CA1B88F007D14C1 /* RSS_MathiasTests.xctest */,
			);
			name = Products;
			sourceTree = "<group>";
		};
		78ED91B41CA1B88F007D14C1 /* RSS_Mathias */ = {
			isa = PBXGroup;
			children = (
				78ED91B51CA1B88F007D14C1 /* AppDelegate.swift */,
				78ED91B71CA1B88F007D14C1 /* ViewController.swift */,
				78ED91B91CA1B88F007D14C1 /* Main.storyboard */,
				78ED91BC1CA1B88F007D14C1 /* Assets.xcassets */,
				78ED91BE1CA1B88F007D14C1 /* LaunchScreen.storyboard */,
				78ED91C11CA1B88F007D14C1 /* Info.plist */,
				78ED91D71CA1BF46007D14C1 /* RSSItem.swift */,
				78ED91D91CA1CF06007D14C1 /* ViewControllerDetails.swift */,
				78ED91DB1CA1DC2A007D14C1 /* Extensions.swift */,
				78ED91DD1CA1DFB8007D14C1 /* ViewControllerSlideshow.swift */,
				78ED91DF1CA1E369007D14C1 /* SlideshowView.swift */,
				78ED91E11CA1E57A007D14C1 /* SlideshowView.xib */,
			);
			path = RSS_Mathias;
			sourceTree = "<group>";
		};
		78ED91C91CA1B88F007D14C1 /* RSS_MathiasTests */ = {
			isa = PBXGroup;
			children = (
				78ED91CA1CA1B88F007D14C1 /* RSS_MathiasTests.swift */,
				78ED91CC1CA1B88F007D14C1 /* Info.plist */,
			);
			path = RSS_MathiasTests;
			sourceTree = "<group>";
		};
/* End PBXGroup section */

/* Begin PBXNativeTarget section */
		78ED91B11CA1B88F007D14C1 /* RSS_Mathias */ = {
			isa = PBXNativeTarget;
			buildConfigurationList = 78ED91CF1CA1B88F007D14C1 /* Build configuration list for PBXNativeTarget "RSS_Mathias" */;
			buildPhases = (
				78ED91AE1CA1B88F007D14C1 /* Sources */,
				78ED91AF1CA1B88F007D14C1 /* Frameworks */,
				78ED91B01CA1B88F007D14C1 /* Resources */,
			);
			buildRules = (
			);
			dependencies = (
			);
			name = RSS_Mathias;
			productName = RSS_Mathias;
			productReference = 78ED91B21CA1B88F007D14C1 /* RSS_Mathias.app */;
			productType = "com.apple.product-type.application";
		};
		78ED91C51CA1B88F007D14C1 /* RSS_MathiasTests */ = {
			isa = PBXNativeTarget;
			buildConfigurationList = 78ED91D21CA1B88F007D14C1 /* Build configuration list for PBXNativeTarget "RSS_MathiasTests" */;
			buildPhases = (
				78ED91C21CA1B88F007D14C1 /* Sources */,
				78ED91C31CA1B88F007D14C1 /* Frameworks */,
				78ED91C41CA1B88F007D14C1 /* Resources */,
			);
			buildRules = (
			);
			dependencies = (
				78ED91C81CA1B88F007D14C1 /* PBXTargetDependency */,
			);
			name = RSS_MathiasTests;
			productName = RSS_MathiasTests;
			productReference = 78ED91C61CA1B88F007D14C1 /* RSS_MathiasTests.xctest */;
			productType = "com.apple.product-type.bundle.unit-test";
		};
/* End PBXNativeTarget section */

/* Begin PBXProject section */
		78ED91AA1CA1B88F007D14C1 /* Project object */ = {
			isa = PBXProject;
			attributes = {
				LastSwiftUpdateCheck = 0710;
				LastUpgradeCheck = 0710;
				ORGANIZATIONNAME = "Mathias Tjernberg";
				TargetAttributes = {
					78ED91B11CA1B88F007D14C1 = {
						CreatedOnToolsVersion = 7.1.1;
					};
					78ED91C51CA1B88F007D14C1 = {
						CreatedOnToolsVersion = 7.1.1;
						TestTargetID = 78ED91B11CA1B88F007D14C1;
					};
				};
			};
			buildConfigurationList = 78ED91AD1CA1B88F007D14C1 /* Build configuration list for PBXProject "RSS_Mathias" */;
			compatibilityVersion = "Xcode 3.2";
			developmentRegion = English;
			hasScannedForEncodings = 0;
			knownRegions = (
				en,
				Base,
			);
			mainGroup = 78ED91A91CA1B88F007D14C1;
			productRefGroup = 78ED91B31CA1B88F007D14C1 /* Products */;
			projectDirPath = "";
			projectRoot = "";
			targets = (
				78ED91B11CA1B88F007D14C1 /* RSS_Mathias */,
				78ED91C51CA1B88F007D14C1 /* RSS_MathiasTests */,
			);
		};
/* End PBXProject section */

/* Begin PBXResourcesBuildPhase section */
		78ED91B01CA1B88F007D14C1 /* Resources */ = {
			isa = PBXResourcesBuildPhase;
			buildActionMask = 2147483647;
			files = (
				78ED91C01CA1B88F007D14C1 /* LaunchScreen.storyboard in Resources */,
				78ED91BD1CA1B88F007D14C1 /* Assets.xcassets in Resources */,
				78ED91BB1CA1B88F007D14C1 /* Main.storyboard in Resources */,
				78ED91E21CA1E57A007D14C1 /* SlideshowView.xib in Resources */,
			);
			runOnlyForDeploymentPostprocessing = 0;
		};
		78ED91C41CA1B88F007D14C1 /* Resources */ = {
			isa = PBXResourcesBuildPhase;
			buildActionMask = 2147483647;
			files = (
			);
			runOnlyForDeploymentPostprocessing = 0;
		};
/* End PBXResourcesBuildPhase section */

/* Begin PBXSourcesBuildPhase section */
		78ED91AE1CA1B88F007D14C1 /* Sources */ = {
			isa = PBXSourcesBuildPhase;
			buildActionMask = 2147483647;
			files = (
				78ED91DE1CA1DFB8007D14C1 /* ViewControllerSlideshow.swift in Sources */,
				78ED91DC1CA1DC2A007D14C1 /* Extensions.swift in Sources */,
				78ED91B81CA1B88F007D14C1 /* ViewController.swift in Sources */,
				78ED91B61CA1B88F007D14C1 /* AppDelegate.swift in Sources */,
				78ED91D81CA1BF46007D14C1 /* RSSItem.swift in Sources */,
				78ED91E01CA1E369007D14C1 /* SlideshowView.swift in Sources */,
				78ED91DA1CA1CF06007D14C1 /* ViewControllerDetails.swift in Sources */,
			);
			runOnlyForDeploymentPostprocessing = 0;
		};
		78ED91C21CA1B88F007D14C1 /* Sources */ = {
			isa = PBXSourcesBuildPhase;
			buildActionMask = 2147483647;
			files = (
				78ED91CB1CA1B88F007D14C1 /* RSS_MathiasTests.swift in Sources */,
			);
			runOnlyForDeploymentPostprocessing = 0;
		};
/* End PBXSourcesBuildPhase section */

/* Begin PBXTargetDependency section */
		78ED91C81CA1B88F007D14C1 /* PBXTargetDependency */ = {
			isa = PBXTargetDependency;
			target = 78ED91B11CA1B88F007D14C1 /* RSS_Mathias */;
			targetProxy = 78ED91C71CA1B88F007D14C1 /* PBXContainerItemProxy */;
		};
/* End PBXTargetDependency section */

/* Begin PBXVariantGroup section */
		78ED91B91CA1B88F007D14C1 /* Main.storyboard */ = {
			isa = PBXVariantGroup;
			children = (
				78ED91BA1CA1B88F007D14C1 /* Base */,
			);
			name = Main.storyboard;
			sourceTree = "<group>";
		};
		78ED91BE1CA1B88F007D14C1 /* LaunchScreen.storyboard */ = {
			isa = PBXVariantGroup;
			children = (
				78ED91BF1CA1B88F007D14C1 /* Base */,
			);
			name = LaunchScreen.storyboard;
			sourceTree = "<group>";
		};
/* End PBXVariantGroup section */

/* Begin XCBuildConfiguration section */
		78ED91CD1CA1B88F007D14C1 /* Debug */ = {
			isa = XCBuildConfiguration;
			buildSettings = {
				ALWAYS_SEARCH_USER_PATHS = NO;
				CLANG_CXX_LANGUAGE_STANDARD = "gnu++0x";
				CLANG_CXX_LIBRARY = "libc++";
				CLANG_ENABLE_MODULES = YES;
				CLANG_ENABLE_OBJC_ARC = YES;
				CLANG_WARN_BOOL_CONVERSION = YES;
				CLANG_WARN_CONSTANT_CONVERSION = YES;
				CLANG_WARN_DIRECT_OBJC_ISA_USAGE = YES_ERROR;
				CLANG_WARN_EMPTY_BODY = YES;
				CLANG_WARN_ENUM_CONVERSION = YES;
				CLANG_WARN_INT_CONVERSION = YES;
				CLANG_WARN_OBJC_ROOT_CLASS = YES_ERROR;
				CLANG_WARN_UNREACHABLE_CODE = YES;
				CLANG_WARN__DUPLICATE_METHOD_MATCH = YES;
				"CODE_SIGN_IDENTITY[sdk=iphoneos*]" = "iPhone Developer";
				COPY_PHASE_STRIP = NO;
				DEBUG_INFORMATION_FORMAT = dwarf;
				ENABLE_STRICT_OBJC_MSGSEND = YES;
				ENABLE_TESTABILITY = YES;
				GCC_C_LANGUAGE_STANDARD = gnu99;
				GCC_DYNAMIC_NO_PIC = NO;
				GCC_NO_COMMON_BLOCKS = YES;
				GCC_OPTIMIZATION_LEVEL = 0;
				GCC_PREPROCESSOR_DEFINITIONS = (
					"DEBUG=1",
					"$(inherited)",
				);
				GCC_WARN_64_TO_32_BIT_CONVERSION = YES;
				GCC_WARN_ABOUT_RETURN_TYPE = YES_ERROR;
				GCC_WARN_UNDECLARED_SELECTOR = YES;
				GCC_WARN_UNINITIALIZED_AUTOS = YES_AGGRESSIVE;
				GCC_WARN_UNUSED_FUNCTION = YES;
				GCC_WARN_UNUSED_VARIABLE = YES;
				IPHONEOS_DEPLOYMENT_TARGET = 9.1;
				MTL_ENABLE_DEBUG_INFO = YES;
				ONLY_ACTIVE_ARCH = YES;
				SDKROOT = iphoneos;
				SWIFT_OPTIMIZATION_LEVEL = "-Onone";
			};
			name = Debug;
		};
		78ED91CE1CA1B88F007D14C1 /* Release */ = {
			isa = XCBuildConfiguration;
			buildSettings = {
				ALWAYS_SEARCH_USER_PATHS = NO;
				CLANG_CXX_LANGUAGE_STANDARD = "gnu++0x";
				CLANG_CXX_LIBRARY = "libc++";
				CLANG_ENABLE_MODULES = YES;
				CLANG_ENABLE_OBJC_ARC = YES;
				CLANG_WARN_BOOL_CONVERSION = YES;
				CLANG_WARN_CONSTANT_CONVERSION = YES;
				CLANG_WARN_DIRECT_OBJC_ISA_USAGE = YES_ERROR;
				CLANG_WARN_EMPTY_BODY = YES;
				CLANG_WARN_ENUM_CONVERSION = YES;
				CLANG_WARN_INT_CONVERSION = YES;
				CLANG_WARN_OBJC_ROOT_CLASS = YES_ERROR;
				CLANG_WARN_UNREACHABLE_CODE = YES;
				CLANG_WARN__DUPLICATE_METHOD_MATCH = YES;
				"CODE_SIGN_IDENTITY[sdk=iphoneos*]" = "iPhone Developer";
				COPY_PHASE_STRIP = NO;
				DEBUG_INFORMATION_FORMAT = "dwarf-with-dsym";
				ENABLE_NS_ASSERTIONS = NO;
				ENABLE_STRICT_OBJC_MSGSEND = YES;
				GCC_C_LANGUAGE_STANDARD = gnu99;
				GCC_NO_COMMON_BLOCKS = YES;
				GCC_WARN_64_TO_32_BIT_CONVERSION = YES;
				GCC_WARN_ABOUT_RETURN_TYPE = YES_ERROR;
				GCC_WARN_UNDECLARED_SELECTOR = YES;
				GCC_WARN_UNINITIALIZED_AUTOS = YES_AGGRESSIVE;
				GCC_WARN_UNUSED_FUNCTION = YES;
				GCC_WARN_UNUSED_VARIABLE = YES;
				IPHONEOS_DEPLOYMENT_TARGET = 9.1;
				MTL_ENABLE_DEBUG_INFO = NO;
				SDKROOT = iphoneos;
				VALIDATE_PRODUCT = YES;
			};
			name = Release;
		};
		78ED91D01CA1B88F007D14C1 /* Debug */ = {
			isa = XCBuildConfiguration;
			buildSettings = {
				ASSETCATALOG_COMPILER_APPICON_NAME = AppIcon;
				INFOPLIST_FILE = RSS_Mathias/Info.plist;
				LD_RUNPATH_SEARCH_PATHS = "$(inherited) @executable_path/Frameworks";
				PRODUCT_BUNDLE_IDENTIFIER = "mt.RSS-Mathias";
				PRODUCT_NAME = "$(TARGET_NAME)";
			};
			name = Debug;
		};
		78ED91D11CA1B88F007D14C1 /* Release */ = {
			isa = XCBuildConfiguration;
			buildSettings = {
				ASSETCATALOG_COMPILER_APPICON_NAME = AppIcon;
				INFOPLIST_FILE = RSS_Mathias/Info.plist;
				LD_RUNPATH_SEARCH_PATHS = "$(inherited) @executable_path/Frameworks";
				PRODUCT_BUNDLE_IDENTIFIER = "mt.RSS-Mathias";
				PRODUCT_NAME = "$(TARGET_NAME)";
			};
			name = Release;
		};
		78ED91D31CA1B88F007D14C1 /* Debug */ = {
			isa = XCBuildConfiguration;
			buildSettings = {
				BUNDLE_LOADER = "$(TEST_HOST)";
				INFOPLIST_FILE = RSS_MathiasTests/Info.plist;
				LD_RUNPATH_SEARCH_PATHS = "$(inherited) @executable_path/Frameworks @loader_path/Frameworks";
				PRODUCT_BUNDLE_IDENTIFIER = "mt.RSS-MathiasTests";
				PRODUCT_NAME = "$(TARGET_NAME)";
				TEST_HOST = "$(BUILT_PRODUCTS_DIR)/RSS_Mathias.app/RSS_Mathias";
			};
			name = Debug;
		};
		78ED91D41CA1B88F007D14C1 /* Release */ = {
			isa = XCBuildConfiguration;
			buildSettings = {
				BUNDLE_LOADER = "$(TEST_HOST)";
				INFOPLIST_FILE = RSS_MathiasTests/Info.plist;
				LD_RUNPATH_SEARCH_PATHS = "$(inherited) @executable_path/Frameworks @loader_path/Frameworks";
				PRODUCT_BUNDLE_IDENTIFIER = "mt.RSS-MathiasTests";
				PRODUCT_NAME = "$(TARGET_NAME)";
				TEST_HOST = "$(BUILT_PRODUCTS_DIR)/RSS_Mathias.app/RSS_Mathias";
			};
			name = Release;
		};
/* End XCBuildConfiguration section */

/* Begin XCConfigurationList section */
		78ED91AD1CA1B88F007D14C1 /* Build configuration list for PBXProject "RSS_Mathias" */ = {
			isa = XCConfigurationList;
			buildConfigurations = (
				78ED91CD1CA1B88F007D14C1 /* Debug */,
				78ED91CE1CA1B88F007D14C1 /* Release */,
			);
			defaultConfigurationIsVisible = 0;
			defaultConfigurationName = Release;
		};
		78ED91CF1CA1B88F007D14C1 /* Build configuration list for PBXNativeTarget "RSS_Mathias" */ = {
			isa = XCConfigurationList;
			buildConfigurations = (
				78ED91D01CA1B88F007D14C1 /* Debug */,
				78ED91D11CA1B88F007D14C1 /* Release */,
			);
			defaultConfigurationIsVisible = 0;
		};
		78ED91D21CA1B88F007D14C1 /* Build configuration list for PBXNativeTarget "RSS_MathiasTests" */ = {
			isa = XCConfigurationList;
			buildConfigurations = (
				78ED91D31CA1B88F007D14C1 /* Debug */,
				78ED91D41CA1B88F007D14C1 /* Release */,
			);
			defaultConfigurationIsVisible = 0;
		};
/* End XCConfigurationList section */
	};
	rootObject = 78ED91AA1CA1B88F007D14C1 /* Project object */;
}
